
Microsoft Visual Studio Solution File, Format Version 12.00
# Visual Studio Version 16
VisualStudioVersion = 16.0.34114.132
MinimumVisualStudioVersion = 10.0.40219.1
Project("{FAE04EC0-301F-11D3-BF4B-00C04F79EFBC}") = "OMS", "OMS\OMS.csproj", "{98BC542B-6E35-4232-8DE6-4A5DFFB9F894}"
EndProject
Project("{FAE04EC0-301F-11D3-BF4B-00C04F79EFBC}") = "Test", "Test\Test.csproj", "{FDBC934F-2E09-43E2-BF05-31773E762C84}"
EndProject
Global
	GlobalSection(SolutionConfigurationPlatforms) = preSolution
		Debug|Any CPU = Debug|Any CPU
		Release|Any CPU = Release|Any CPU
	EndGlobalSection
	GlobalSection(ProjectConfigurationPlatforms) = postSolution
		{98BC542B-6E35-4232-8DE6-4A5DFFB9F894}.Debug|Any CPU.ActiveCfg = Debug|Any CPU
		{98BC542B-6E35-4232-8DE6-4A5DFFB9F894}.Debug|Any CPU.Build.0 = Debug|Any CPU
		{98BC542B-6E35-4232-8DE6-4A5DFFB9F894}.Release|Any CPU.ActiveCfg = Release|Any CPU
		{98BC542B-6E35-4232-8DE6-4A5DFFB9F894}.Release|Any CPU.Build.0 = Release|Any CPU
		{FDBC934F-2E09-43E2-BF05-31773E762C84}.Debug|Any CPU.ActiveCfg = Debug|Any CPU
		{FDBC934F-2E09-43E2-BF05-31773E762C84}.Debug|Any CPU.Build.0 = Debug|Any CPU
		{FDBC934F-2E09-43E2-BF05-31773E762C84}.Release|Any CPU.ActiveCfg = Release|Any CPU
		{FDBC934F-2E09-43E2-BF05-31773E762C84}.Release|Any CPU.Build.0 = Release|Any CPU
	EndGlobalSection
	GlobalSection(SolutionProperties) = preSolution
		HideSolutionNode = FALSE
	EndGlobalSection
	GlobalSection(ExtensibilityGlobals) = postSolution
		SolutionGuid = {060392E4-D466-4D85-9176-250F36E2930D}
	EndGlobalSection
EndGlobal
